// !$*UTF8*$!
{
	archiveVersion = 1;
	classes = {
	};
	objectVersion = 50;
	objects = {

/* Begin PBXBuildFile section */
		8475F20A260D7DFF0052F08D /* AppDelegate.swift in Sources */ = {isa = PBXBuildFile; fileRef = 8475F209260D7DFF0052F08D /* AppDelegate.swift */; };
		8475F20C260D7DFF0052F08D /* SceneDelegate.swift in Sources */ = {isa = PBXBuildFile; fileRef = 8475F20B260D7DFF0052F08D /* SceneDelegate.swift */; };
		8475F213260D7E010052F08D /* Assets.xcassets in Resources */ = {isa = PBXBuildFile; fileRef = 8475F212260D7E010052F08D /* Assets.xcassets */; };
		8475F216260D7E010052F08D /* LaunchScreen.storyboard in Resources */ = {isa = PBXBuildFile; fileRef = 8475F214260D7E010052F08D /* LaunchScreen.storyboard */; };
		8475F227260D810F0052F08D /* HomeViewController.swift in Sources */ = {isa = PBXBuildFile; fileRef = 8475F226260D810F0052F08D /* HomeViewController.swift */; };
		8475F22A260D81200052F08D /* HomeView.storyboard in Resources */ = {isa = PBXBuildFile; fileRef = 8475F229260D81200052F08D /* HomeView.storyboard */; };
		8475F22D260D81370052F08D /* VideoLibraryViewController.swift in Sources */ = {isa = PBXBuildFile; fileRef = 8475F22C260D81370052F08D /* VideoLibraryViewController.swift */; };
		8475F230260D81520052F08D /* VideoLibraryView.storyboard in Resources */ = {isa = PBXBuildFile; fileRef = 8475F22F260D81520052F08D /* VideoLibraryView.storyboard */; };
		8475F233260D81650052F08D /* KeyWordsViewController.swift in Sources */ = {isa = PBXBuildFile; fileRef = 8475F232260D81650052F08D /* KeyWordsViewController.swift */; };
		8475F236260D81720052F08D /* KeyWordsView.storyboard in Resources */ = {isa = PBXBuildFile; fileRef = 8475F235260D81720052F08D /* KeyWordsView.storyboard */; };
		8475F240260D84FF0052F08D /* VideoTableViewCell.swift in Sources */ = {isa = PBXBuildFile; fileRef = 8475F23E260D84FF0052F08D /* VideoTableViewCell.swift */; };
		8475F241260D84FF0052F08D /* VideoTableViewCell.xib in Resources */ = {isa = PBXBuildFile; fileRef = 8475F23F260D84FF0052F08D /* VideoTableViewCell.xib */; };
		8475F245260D94C10052F08D /* VideoModel.swift in Sources */ = {isa = PBXBuildFile; fileRef = 8475F244260D94C10052F08D /* VideoModel.swift */; };
		8475F24B260DA1EF0052F08D /* KeyWordCollectionViewCell.swift in Sources */ = {isa = PBXBuildFile; fileRef = 8475F249260DA1EF0052F08D /* KeyWordCollectionViewCell.swift */; };
		8475F24C260DA1EF0052F08D /* KeyWordCollectionViewCell.xib in Resources */ = {isa = PBXBuildFile; fileRef = 8475F24A260DA1EF0052F08D /* KeyWordCollectionViewCell.xib */; };
		8475F24F260DC1240052F08D /* CustomFlowLayoutCollectionView.swift in Sources */ = {isa = PBXBuildFile; fileRef = 8475F24E260DC1240052F08D /* CustomFlowLayoutCollectionView.swift */; };
/* End PBXBuildFile section */

/* Begin PBXFileReference section */
		8475F206260D7DFF0052F08D /* W2-Project3-Gumi.app */ = {isa = PBXFileReference; explicitFileType = wrapper.application; includeInIndex = 0; path = "W2-Project3-Gumi.app"; sourceTree = BUILT_PRODUCTS_DIR; };
		8475F209260D7DFF0052F08D /* AppDelegate.swift */ = {isa = PBXFileReference; lastKnownFileType = sourcecode.swift; path = AppDelegate.swift; sourceTree = "<group>"; };
		8475F20B260D7DFF0052F08D /* SceneDelegate.swift */ = {isa = PBXFileReference; lastKnownFileType = sourcecode.swift; path = SceneDelegate.swift; sourceTree = "<group>"; };
		8475F212260D7E010052F08D /* Assets.xcassets */ = {isa = PBXFileReference; lastKnownFileType = folder.assetcatalog; path = Assets.xcassets; sourceTree = "<group>"; };
		8475F215260D7E010052F08D /* Base */ = {isa = PBXFileReference; lastKnownFileType = file.storyboard; name = Base; path = Base.lproj/LaunchScreen.storyboard; sourceTree = "<group>"; };
		8475F217260D7E010052F08D /* Info.plist */ = {isa = PBXFileReference; lastKnownFileType = text.plist.xml; path = Info.plist; sourceTree = "<group>"; };
		8475F226260D810F0052F08D /* HomeViewController.swift */ = {isa = PBXFileReference; lastKnownFileType = sourcecode.swift; path = HomeViewController.swift; sourceTree = "<group>"; };
		8475F229260D81200052F08D /* HomeView.storyboard */ = {isa = PBXFileReference; lastKnownFileType = file.storyboard; path = HomeView.storyboard; sourceTree = "<group>"; };
		8475F22C260D81370052F08D /* VideoLibraryViewController.swift */ = {isa = PBXFileReference; lastKnownFileType = sourcecode.swift; path = VideoLibraryViewController.swift; sourceTree = "<group>"; };
		8475F22F260D81520052F08D /* VideoLibraryView.storyboard */ = {isa = PBXFileReference; lastKnownFileType = file.storyboard; path = VideoLibraryView.storyboard; sourceTree = "<group>"; };
		8475F232260D81650052F08D /* KeyWordsViewController.swift */ = {isa = PBXFileReference; lastKnownFileType = sourcecode.swift; path = KeyWordsViewController.swift; sourceTree = "<group>"; };
		8475F235260D81720052F08D /* KeyWordsView.storyboard */ = {isa = PBXFileReference; lastKnownFileType = file.storyboard; path = KeyWordsView.storyboard; sourceTree = "<group>"; };
		8475F23E260D84FF0052F08D /* VideoTableViewCell.swift */ = {isa = PBXFileReference; lastKnownFileType = sourcecode.swift; path = VideoTableViewCell.swift; sourceTree = "<group>"; };
		8475F23F260D84FF0052F08D /* VideoTableViewCell.xib */ = {isa = PBXFileReference; lastKnownFileType = file.xib; path = VideoTableViewCell.xib; sourceTree = "<group>"; };
		8475F244260D94C10052F08D /* VideoModel.swift */ = {isa = PBXFileReference; lastKnownFileType = sourcecode.swift; path = VideoModel.swift; sourceTree = "<group>"; };
		8475F249260DA1EF0052F08D /* KeyWordCollectionViewCell.swift */ = {isa = PBXFileReference; lastKnownFileType = sourcecode.swift; path = KeyWordCollectionViewCell.swift; sourceTree = "<group>"; };
		8475F24A260DA1EF0052F08D /* KeyWordCollectionViewCell.xib */ = {isa = PBXFileReference; lastKnownFileType = file.xib; path = KeyWordCollectionViewCell.xib; sourceTree = "<group>"; };
		8475F24E260DC1240052F08D /* CustomFlowLayoutCollectionView.swift */ = {isa = PBXFileReference; lastKnownFileType = sourcecode.swift; path = CustomFlowLayoutCollectionView.swift; sourceTree = "<group>"; };
/* End PBXFileReference section */

/* Begin PBXFrameworksBuildPhase section */
		8475F203260D7DFF0052F08D /* Frameworks */ = {
			isa = PBXFrameworksBuildPhase;
			buildActionMask = 2147483647;
			files = (
			);
			runOnlyForDeploymentPostprocessing = 0;
		};
/* End PBXFrameworksBuildPhase section */

/* Begin PBXGroup section */
		8475F1FD260D7DFF0052F08D = {
			isa = PBXGroup;
			children = (
				8475F208260D7DFF0052F08D /* W2-Project3-Gumi */,
				8475F207260D7DFF0052F08D /* Products */,
			);
			sourceTree = "<group>";
		};
		8475F207260D7DFF0052F08D /* Products */ = {
			isa = PBXGroup;
			children = (
				8475F206260D7DFF0052F08D /* W2-Project3-Gumi.app */,
			);
			name = Products;
			sourceTree = "<group>";
		};
		8475F208260D7DFF0052F08D /* W2-Project3-Gumi */ = {
			isa = PBXGroup;
			children = (
				8475F222260D80460052F08D /* Data */,
				8475F221260D803E0052F08D /* Extension */,
				8475F220260D80380052F08D /* UI */,
				8475F209260D7DFF0052F08D /* AppDelegate.swift */,
				8475F20B260D7DFF0052F08D /* SceneDelegate.swift */,
				8475F212260D7E010052F08D /* Assets.xcassets */,
				8475F214260D7E010052F08D /* LaunchScreen.storyboard */,
				8475F217260D7E010052F08D /* Info.plist */,
			);
			path = "W2-Project3-Gumi";
			sourceTree = "<group>";
		};
		8475F220260D80380052F08D /* UI */ = {
			isa = PBXGroup;
			children = (
				8475F225260D80930052F08D /* KeyWordsView */,
				8475F224260D806B0052F08D /* VideoLibraryView */,
				8475F223260D80580052F08D /* HomeView */,
			);
			path = UI;
			sourceTree = "<group>";
		};
		8475F221260D803E0052F08D /* Extension */ = {
			isa = PBXGroup;
			children = (
			);
			path = Extension;
			sourceTree = "<group>";
		};
		8475F222260D80460052F08D /* Data */ = {
			isa = PBXGroup;
			children = (
				8475F244260D94C10052F08D /* VideoModel.swift */,
			);
			path = Data;
			sourceTree = "<group>";
		};
		8475F223260D80580052F08D /* HomeView */ = {
			isa = PBXGroup;
			children = (
				8475F226260D810F0052F08D /* HomeViewController.swift */,
				8475F229260D81200052F08D /* HomeView.storyboard */,
			);
			path = HomeView;
			sourceTree = "<group>";
		};
		8475F224260D806B0052F08D /* VideoLibraryView */ = {
			isa = PBXGroup;
			children = (
				8475F239260D84BC0052F08D /* VideoTableViewCell */,
				8475F22C260D81370052F08D /* VideoLibraryViewController.swift */,
				8475F22F260D81520052F08D /* VideoLibraryView.storyboard */,
			);
			path = VideoLibraryView;
			sourceTree = "<group>";
		};
		8475F225260D80930052F08D /* KeyWordsView */ = {
			isa = PBXGroup;
			children = (
				8475F251260DC2340052F08D /* CustomFlowLayout */,
				8475F247260DA1A20052F08D /* KeyWordCollectionViewCell */,
				8475F232260D81650052F08D /* KeyWordsViewController.swift */,
				8475F235260D81720052F08D /* KeyWordsView.storyboard */,
			);
			path = KeyWordsView;
			sourceTree = "<group>";
		};
		8475F239260D84BC0052F08D /* VideoTableViewCell */ = {
			isa = PBXGroup;
			children = (
				8475F23E260D84FF0052F08D /* VideoTableViewCell.swift */,
				8475F23F260D84FF0052F08D /* VideoTableViewCell.xib */,
			);
			path = VideoTableViewCell;
			sourceTree = "<group>";
		};
		8475F247260DA1A20052F08D /* KeyWordCollectionViewCell */ = {
			isa = PBXGroup;
			children = (
				8475F249260DA1EF0052F08D /* KeyWordCollectionViewCell.swift */,
				8475F24A260DA1EF0052F08D /* KeyWordCollectionViewCell.xib */,
			);
			path = KeyWordCollectionViewCell;
			sourceTree = "<group>";
		};
		8475F251260DC2340052F08D /* CustomFlowLayout */ = {
			isa = PBXGroup;
			children = (
				8475F24E260DC1240052F08D /* CustomFlowLayoutCollectionView.swift */,
			);
			path = CustomFlowLayout;
			sourceTree = "<group>";
		};
/* End PBXGroup section */

/* Begin PBXNativeTarget section */
		8475F205260D7DFF0052F08D /* W2-Project3-Gumi */ = {
			isa = PBXNativeTarget;
			buildConfigurationList = 8475F21A260D7E010052F08D /* Build configuration list for PBXNativeTarget "W2-Project3-Gumi" */;
			buildPhases = (
				8475F202260D7DFF0052F08D /* Sources */,
				8475F203260D7DFF0052F08D /* Frameworks */,
				8475F204260D7DFF0052F08D /* Resources */,
			);
			buildRules = (
			);
			dependencies = (
			);
			name = "W2-Project3-Gumi";
			productName = "W2-Project3-Gumi";
			productReference = 8475F206260D7DFF0052F08D /* W2-Project3-Gumi.app */;
			productType = "com.apple.product-type.application";
		};
/* End PBXNativeTarget section */

/* Begin PBXProject section */
		8475F1FE260D7DFF0052F08D /* Project object */ = {
			isa = PBXProject;
			attributes = {
				LastSwiftUpdateCheck = 1240;
				LastUpgradeCheck = 1240;
				TargetAttributes = {
					8475F205260D7DFF0052F08D = {
						CreatedOnToolsVersion = 12.4;
					};
				};
			};
			buildConfigurationList = 8475F201260D7DFF0052F08D /* Build configuration list for PBXProject "W2-Project3-Gumi" */;
			compatibilityVersion = "Xcode 9.3";
			developmentRegion = en;
			hasScannedForEncodings = 0;
			knownRegions = (
				en,
				Base,
			);
			mainGroup = 8475F1FD260D7DFF0052F08D;
			productRefGroup = 8475F207260D7DFF0052F08D /* Products */;
			projectDirPath = "";
			projectRoot = "";
			targets = (
				8475F205260D7DFF0052F08D /* W2-Project3-Gumi */,
			);
		};
/* End PBXProject section */

/* Begin PBXResourcesBuildPhase section */
		8475F204260D7DFF0052F08D /* Resources */ = {
			isa = PBXResourcesBuildPhase;
			buildActionMask = 2147483647;
			files = (
				8475F24C260DA1EF0052F08D /* KeyWordCollectionViewCell.xib in Resources */,
				8475F22A260D81200052F08D /* HomeView.storyboard in Resources */,
				8475F236260D81720052F08D /* KeyWordsView.storyboard in Resources */,
				8475F230260D81520052F08D /* VideoLibraryView.storyboard in Resources */,
				8475F216260D7E010052F08D /* LaunchScreen.storyboard in Resources */,
				8475F213260D7E010052F08D /* Assets.xcassets in Resources */,
				8475F241260D84FF0052F08D /* VideoTableViewCell.xib in Resources */,
			);
			runOnlyForDeploymentPostprocessing = 0;
		};
/* End PBXResourcesBuildPhase section */

/* Begin PBXSourcesBuildPhase section */
		8475F202260D7DFF0052F08D /* Sources */ = {
			isa = PBXSourcesBuildPhase;
			buildActionMask = 2147483647;
			files = (
				8475F22D260D81370052F08D /* VideoLibraryViewController.swift in Sources */,
				8475F24F260DC1240052F08D /* CustomFlowLayoutCollectionView.swift in Sources */,
				8475F233260D81650052F08D /* KeyWordsViewController.swift in Sources */,
				8475F20A260D7DFF0052F08D /* AppDelegate.swift in Sources */,
				8475F245260D94C10052F08D /* VideoModel.swift in Sources */,
				8475F20C260D7DFF0052F08D /* SceneDelegate.swift in Sources */,
				8475F227260D810F0052F08D /* HomeViewController.swift in Sources */,
				8475F24B260DA1EF0052F08D /* KeyWordCollectionViewCell.swift in Sources */,
				8475F240260D84FF0052F08D /* VideoTableViewCell.swift in Sources */,
			);
			runOnlyForDeploymentPostprocessing = 0;
		};
/* End PBXSourcesBuildPhase section */

/* Begin PBXVariantGroup section */
		8475F214260D7E010052F08D /* LaunchScreen.storyboard */ = {
			isa = PBXVariantGroup;
			children = (
				8475F215260D7E010052F08D /* Base */,
			);
			name = LaunchScreen.storyboard;
			sourceTree = "<group>";
		};
/* End PBXVariantGroup section */

/* Begin XCBuildConfiguration section */
		8475F218260D7E010052F08D /* Debug */ = {
			isa = XCBuildConfiguration;
			buildSettings = {
				ALWAYS_SEARCH_USER_PATHS = NO;
				CLANG_ANALYZER_NONNULL = YES;
				CLANG_ANALYZER_NUMBER_OBJECT_CONVERSION = YES_AGGRESSIVE;
				CLANG_CXX_LANGUAGE_STANDARD = "gnu++14";
				CLANG_CXX_LIBRARY = "libc++";
				CLANG_ENABLE_MODULES = YES;
				CLANG_ENABLE_OBJC_ARC = YES;
				CLANG_ENABLE_OBJC_WEAK = YES;
				CLANG_WARN_BLOCK_CAPTURE_AUTORELEASING = YES;
				CLANG_WARN_BOOL_CONVERSION = YES;
				CLANG_WARN_COMMA = YES;
				CLANG_WARN_CONSTANT_CONVERSION = YES;
				CLANG_WARN_DEPRECATED_OBJC_IMPLEMENTATIONS = YES;
				CLANG_WARN_DIRECT_OBJC_ISA_USAGE = YES_ERROR;
				CLANG_WARN_DOCUMENTATION_COMMENTS = YES;
				CLANG_WARN_EMPTY_BODY = YES;
				CLANG_WARN_ENUM_CONVERSION = YES;
				CLANG_WARN_INFINITE_RECURSION = YES;
				CLANG_WARN_INT_CONVERSION = YES;
				CLANG_WARN_NON_LITERAL_NULL_CONVERSION = YES;
				CLANG_WARN_OBJC_IMPLICIT_RETAIN_SELF = YES;
				CLANG_WARN_OBJC_LITERAL_CONVERSION = YES;
				CLANG_WARN_OBJC_ROOT_CLASS = YES_ERROR;
				CLANG_WARN_QUOTED_INCLUDE_IN_FRAMEWORK_HEADER = YES;
				CLANG_WARN_RANGE_LOOP_ANALYSIS = YES;
				CLANG_WARN_STRICT_PROTOTYPES = YES;
				CLANG_WARN_SUSPICIOUS_MOVE = YES;
				CLANG_WARN_UNGUARDED_AVAILABILITY = YES_AGGRESSIVE;
				CLANG_WARN_UNREACHABLE_CODE = YES;
				CLANG_WARN__DUPLICATE_METHOD_MATCH = YES;
				COPY_PHASE_STRIP = NO;
				DEBUG_INFORMATION_FORMAT = dwarf;
				ENABLE_STRICT_OBJC_MSGSEND = YES;
				ENABLE_TESTABILITY = YES;
				GCC_C_LANGUAGE_STANDARD = gnu11;
				GCC_DYNAMIC_NO_PIC = NO;
				GCC_NO_COMMON_BLOCKS = YES;
				GCC_OPTIMIZATION_LEVEL = 0;
				GCC_PREPROCESSOR_DEFINITIONS = (
					"DEBUG=1",
					"$(inherited)",
				);
				GCC_WARN_64_TO_32_BIT_CONVERSION = YES;
				GCC_WARN_ABOUT_RETURN_TYPE = YES_ERROR;
				GCC_WARN_UNDECLARED_SELECTOR = YES;
				GCC_WARN_UNINITIALIZED_AUTOS = YES_AGGRESSIVE;
				GCC_WARN_UNUSED_FUNCTION = YES;
				GCC_WARN_UNUSED_VARIABLE = YES;
				IPHONEOS_DEPLOYMENT_TARGET = 14.4;
				MTL_ENABLE_DEBUG_INFO = INCLUDE_SOURCE;
				MTL_FAST_MATH = YES;
				ONLY_ACTIVE_ARCH = YES;
				SDKROOT = iphoneos;
				SWIFT_ACTIVE_COMPILATION_CONDITIONS = DEBUG;
				SWIFT_OPTIMIZATION_LEVEL = "-Onone";
			};
			name = Debug;
		};
		8475F219260D7E010052F08D /* Release */ = {
			isa = XCBuildConfiguration;
			buildSettings = {
				ALWAYS_SEARCH_USER_PATHS = NO;
				CLANG_ANALYZER_NONNULL = YES;
				CLANG_ANALYZER_NUMBER_OBJECT_CONVERSION = YES_AGGRESSIVE;
				CLANG_CXX_LANGUAGE_STANDARD = "gnu++14";
				CLANG_CXX_LIBRARY = "libc++";
				CLANG_ENABLE_MODULES = YES;
				CLANG_ENABLE_OBJC_ARC = YES;
				CLANG_ENABLE_OBJC_WEAK = YES;
				CLANG_WARN_BLOCK_CAPTURE_AUTORELEASING = YES;
				CLANG_WARN_BOOL_CONVERSION = YES;
				CLANG_WARN_COMMA = YES;
				CLANG_WARN_CONSTANT_CONVERSION = YES;
				CLANG_WARN_DEPRECATED_OBJC_IMPLEMENTATIONS = YES;
				CLANG_WARN_DIRECT_OBJC_ISA_USAGE = YES_ERROR;
				CLANG_WARN_DOCUMENTATION_COMMENTS = YES;
				CLANG_WARN_EMPTY_BODY = YES;
				CLANG_WARN_ENUM_CONVERSION = YES;
				CLANG_WARN_INFINITE_RECURSION = YES;
				CLANG_WARN_INT_CONVERSION = YES;
				CLANG_WARN_NON_LITERAL_NULL_CONVERSION = YES;
				CLANG_WARN_OBJC_IMPLICIT_RETAIN_SELF = YES;
				CLANG_WARN_OBJC_LITERAL_CONVERSION = YES;
				CLANG_WARN_OBJC_ROOT_CLASS = YES_ERROR;
				CLANG_WARN_QUOTED_INCLUDE_IN_FRAMEWORK_HEADER = YES;
				CLANG_WARN_RANGE_LOOP_ANALYSIS = YES;
				CLANG_WARN_STRICT_PROTOTYPES = YES;
				CLANG_WARN_SUSPICIOUS_MOVE = YES;
				CLANG_WARN_UNGUARDED_AVAILABILITY = YES_AGGRESSIVE;
				CLANG_WARN_UNREACHABLE_CODE = YES;
				CLANG_WARN__DUPLICATE_METHOD_MATCH = YES;
				COPY_PHASE_STRIP = NO;
				DEBUG_INFORMATION_FORMAT = "dwarf-with-dsym";
				ENABLE_NS_ASSERTIONS = NO;
				ENABLE_STRICT_OBJC_MSGSEND = YES;
				GCC_C_LANGUAGE_STANDARD = gnu11;
				GCC_NO_COMMON_BLOCKS = YES;
				GCC_WARN_64_TO_32_BIT_CONVERSION = YES;
				GCC_WARN_ABOUT_RETURN_TYPE = YES_ERROR;
				GCC_WARN_UNDECLARED_SELECTOR = YES;
				GCC_WARN_UNINITIALIZED_AUTOS = YES_AGGRESSIVE;
				GCC_WARN_UNUSED_FUNCTION = YES;
				GCC_WARN_UNUSED_VARIABLE = YES;
				IPHONEOS_DEPLOYMENT_TARGET = 14.4;
				MTL_ENABLE_DEBUG_INFO = NO;
				MTL_FAST_MATH = YES;
				SDKROOT = iphoneos;
				SWIFT_COMPILATION_MODE = wholemodule;
				SWIFT_OPTIMIZATION_LEVEL = "-O";
				VALIDATE_PRODUCT = YES;
			};
			name = Release;
		};
		8475F21B260D7E010052F08D /* Debug */ = {
			isa = XCBuildConfiguration;
			buildSettings = {
				ASSETCATALOG_COMPILER_APPICON_NAME = AppIcon;
				ASSETCATALOG_COMPILER_GLOBAL_ACCENT_COLOR_NAME = AccentColor;
				CODE_SIGN_STYLE = Automatic;
				DEVELOPMENT_TEAM = L7FP62JQUP;
				INFOPLIST_FILE = "W2-Project3-Gumi/Info.plist";
				LD_RUNPATH_SEARCH_PATHS = (
					"$(inherited)",
					"@executable_path/Frameworks",
				);
				PRODUCT_BUNDLE_IDENTIFIER = "thanhnguyen.W2-Project3-Gumi";
				PRODUCT_NAME = "$(TARGET_NAME)";
				SWIFT_VERSION = 5.0;
				TARGETED_DEVICE_FAMILY = "1,2";
			};
			name = Debug;
		};
		8475F21C260D7E010052F08D /* Release */ = {
			isa = XCBuildConfiguration;
			buildSettings = {
				ASSETCATALOG_COMPILER_APPICON_NAME = AppIcon;
				ASSETCATALOG_COMPILER_GLOBAL_ACCENT_COLOR_NAME = AccentColor;
				CODE_SIGN_STYLE = Automatic;
				DEVELOPMENT_TEAM = L7FP62JQUP;
				INFOPLIST_FILE = "W2-Project3-Gumi/Info.plist";
				LD_RUNPATH_SEARCH_PATHS = (
					"$(inherited)",
					"@executable_path/Frameworks",
				);
				PRODUCT_BUNDLE_IDENTIFIER = "thanhnguyen.W2-Project3-Gumi";
				PRODUCT_NAME = "$(TARGET_NAME)";
				SWIFT_VERSION = 5.0;
				TARGETED_DEVICE_FAMILY = "1,2";
			};
			name = Release;
		};
/* End XCBuildConfiguration section */

/* Begin XCConfigurationList section */
		8475F201260D7DFF0052F08D /* Build configuration list for PBXProject "W2-Project3-Gumi" */ = {
			isa = XCConfigurationList;
			buildConfigurations = (
				8475F218260D7E010052F08D /* Debug */,
				8475F219260D7E010052F08D /* Release */,
			);
			defaultConfigurationIsVisible = 0;
			defaultConfigurationName = Release;
		};
		8475F21A260D7E010052F08D /* Build configuration list for PBXNativeTarget "W2-Project3-Gumi" */ = {
			isa = XCConfigurationList;
			buildConfigurations = (
				8475F21B260D7E010052F08D /* Debug */,
				8475F21C260D7E010052F08D /* Release */,
			);
			defaultConfigurationIsVisible = 0;
			defaultConfigurationName = Release;
		};
/* End XCConfigurationList section */
	};
	rootObject = 8475F1FE260D7DFF0052F08D /* Project object */;
}
